
Microsoft Visual Studio Solution File, Format Version 12.00
# Visual Studio Version 17
VisualStudioVersion = 17.8.34330.188
MinimumVisualStudioVersion = 10.0.40219.1
Project("{FAE04EC0-301F-11D3-BF4B-00C04F79EFBC}") = "T010_HelloWorld", "T010_HelloWorld\T010_HelloWorld.csproj", "{2034D15A-A788-433A-B78C-6541A47C4A67}"
EndProject
Project("{FAE04EC0-301F-11D3-BF4B-00C04F79EFBC}") = "T012_HelloWorld_ConsoleWriteLine", "T012_HelloWorld_ConsoleWriteLine\T012_HelloWorld_ConsoleWriteLine.csproj", "{8CFBD4A2-ACF5-45D2-AA07-B823E97523EC}"
EndProject
Global
	GlobalSection(SolutionConfigurationPlatforms) = preSolution
		Debug|Any CPU = Debug|Any CPU
		Release|Any CPU = Release|Any CPU
	EndGlobalSection
	GlobalSection(ProjectConfigurationPlatforms) = postSolution
		{2034D15A-A788-433A-B78C-6541A47C4A67}.Debug|Any CPU.ActiveCfg = Debug|Any CPU
		{2034D15A-A788-433A-B78C-6541A47C4A67}.Debug|Any CPU.Build.0 = Debug|Any CPU
		{2034D15A-A788-433A-B78C-6541A47C4A67}.Release|Any CPU.ActiveCfg = Release|Any CPU
		{2034D15A-A788-433A-B78C-6541A47C4A67}.Release|Any CPU.Build.0 = Release|Any CPU
		{8CFBD4A2-ACF5-45D2-AA07-B823E97523EC}.Debug|Any CPU.ActiveCfg = Debug|Any CPU
		{8CFBD4A2-ACF5-45D2-AA07-B823E97523EC}.Debug|Any CPU.Build.0 = Debug|Any CPU
		{8CFBD4A2-ACF5-45D2-AA07-B823E97523EC}.Release|Any CPU.ActiveCfg = Release|Any CPU
		{8CFBD4A2-ACF5-45D2-AA07-B823E97523EC}.Release|Any CPU.Build.0 = Release|Any CPU
	EndGlobalSection
	GlobalSection(SolutionProperties) = preSolution
		HideSolutionNode = FALSE
	EndGlobalSection
	GlobalSection(ExtensibilityGlobals) = postSolution
		SolutionGuid = {98B44847-88A8-4769-B3F8-29EEB4FA6EAA}
	EndGlobalSection
EndGlobal
